
Microsoft Visual Studio Solution File, Format Version 10.00
# Visual C# Express 2008
Project("{FAE04EC0-301F-11D3-BF4B-00C04F79EFBC}") = "2048", "2048\2048.csproj", "{B7105C99-A573-467A-930B-847AAC7E740C}"
EndProject
Global
	GlobalSection(SolutionConfigurationPlatforms) = preSolution
		Debug|Any CPU = Debug|Any CPU
		Release|Any CPU = Release|Any CPU
	EndGlobalSection
	GlobalSection(ProjectConfigurationPlatforms) = postSolution
		{B7105C99-A573-467A-930B-847AAC7E740C}.Debug|Any CPU.ActiveCfg = Debug|Any CPU
		{B7105C99-A573-467A-930B-847AAC7E740C}.Debug|Any CPU.Build.0 = Debug|Any CPU
		{B7105C99-A573-467A-930B-847AAC7E740C}.Release|Any CPU.ActiveCfg = Release|Any CPU
		{B7105C99-A573-467A-930B-847AAC7E740C}.Release|Any CPU.Build.0 = Release|Any CPU
	EndGlobalSection
	GlobalSection(SolutionProperties) = preSolution
		HideSolutionNode = FALSE
	EndGlobalSection
EndGlobal
